
Microsoft Visual Studio Solution File, Format Version 12.00
# Visual Studio Version 17
VisualStudioVersion = 17.1.32210.238
MinimumVisualStudioVersion = 10.0.40219.1
Project("{FAE04EC0-301F-11D3-BF4B-00C04F79EFBC}") = "ShopSystem", "ShopSystem.csproj", "{5BB85BB5-6ED2-4F69-8AC5-026AAB04DE4E}"
EndProject
Global
	GlobalSection(SolutionConfigurationPlatforms) = preSolution
		Debug|Any CPU = Debug|Any CPU
		Release|Any CPU = Release|Any CPU
	EndGlobalSection
	GlobalSection(ProjectConfigurationPlatforms) = postSolution
		{5BB85BB5-6ED2-4F69-8AC5-026AAB04DE4E}.Debug|Any CPU.ActiveCfg = Debug|Any CPU
		{5BB85BB5-6ED2-4F69-8AC5-026AAB04DE4E}.Debug|Any CPU.Build.0 = Debug|Any CPU
		{5BB85BB5-6ED2-4F69-8AC5-026AAB04DE4E}.Release|Any CPU.ActiveCfg = Release|Any CPU
		{5BB85BB5-6ED2-4F69-8AC5-026AAB04DE4E}.Release|Any CPU.Build.0 = Release|Any CPU
	EndGlobalSection
	GlobalSection(SolutionProperties) = preSolution
		HideSolutionNode = FALSE
	EndGlobalSection
	GlobalSection(ExtensibilityGlobals) = postSolution
		SolutionGuid = {093DB435-E7FF-4C0A-822E-032F006EADE3}
	EndGlobalSection
EndGlobal
